// !$*UTF8*$!
{
	archiveVersion = 1;
	classes = {
	};
	objectVersion = 46;
	objects = {

/* Begin PBXBuildFile section */
		5A5C637B1B2F360B00D5AE99 /* AppDelegate.swift in Sources */ = {isa = PBXBuildFile; fileRef = 5A5C637A1B2F360B00D5AE99 /* AppDelegate.swift */; };
		5A5C637D1B2F360B00D5AE99 /* ViewController.swift in Sources */ = {isa = PBXBuildFile; fileRef = 5A5C637C1B2F360B00D5AE99 /* ViewController.swift */; };
		5A5C63801B2F360B00D5AE99 /* Main.storyboard in Resources */ = {isa = PBXBuildFile; fileRef = 5A5C637E1B2F360B00D5AE99 /* Main.storyboard */; };
		5A5C63821B2F360B00D5AE99 /* Images.xcassets in Resources */ = {isa = PBXBuildFile; fileRef = 5A5C63811B2F360B00D5AE99 /* Images.xcassets */; };
		5A5C63851B2F360B00D5AE99 /* LaunchScreen.xib in Resources */ = {isa = PBXBuildFile; fileRef = 5A5C63831B2F360B00D5AE99 /* LaunchScreen.xib */; };
		5A5C63911B2F360B00D5AE99 /* TableHeaderViewDemoTests.swift in Sources */ = {isa = PBXBuildFile; fileRef = 5A5C63901B2F360B00D5AE99 /* TableHeaderViewDemoTests.swift */; };
/* End PBXBuildFile section */

/* Begin PBXContainerItemProxy section */
		5A5C638B1B2F360B00D5AE99 /* PBXContainerItemProxy */ = {
			isa = PBXContainerItemProxy;
			containerPortal = 5A5C636D1B2F360B00D5AE99 /* Project object */;
			proxyType = 1;
			remoteGlobalIDString = 5A5C63741B2F360B00D5AE99;
			remoteInfo = TableHeaderViewDemo;
		};
/* End PBXContainerItemProxy section */

/* Begin PBXFileReference section */
		5A5C63751B2F360B00D5AE99 /* TableHeaderViewDemo.app */ = {isa = PBXFileReference; explicitFileType = wrapper.application; includeInIndex = 0; path = TableHeaderViewDemo.app; sourceTree = BUILT_PRODUCTS_DIR; };
		5A5C63791B2F360B00D5AE99 /* Info.plist */ = {isa = PBXFileReference; lastKnownFileType = text.plist.xml; path = Info.plist; sourceTree = "<group>"; };
		5A5C637A1B2F360B00D5AE99 /* AppDelegate.swift */ = {isa = PBXFileReference; lastKnownFileType = sourcecode.swift; path = AppDelegate.swift; sourceTree = "<group>"; };
		5A5C637C1B2F360B00D5AE99 /* ViewController.swift */ = {isa = PBXFileReference; lastKnownFileType = sourcecode.swift; path = ViewController.swift; sourceTree = "<group>"; };
		5A5C637F1B2F360B00D5AE99 /* Base */ = {isa = PBXFileReference; lastKnownFileType = file.storyboard; name = Base; path = Base.lproj/Main.storyboard; sourceTree = "<group>"; };
		5A5C63811B2F360B00D5AE99 /* Images.xcassets */ = {isa = PBXFileReference; lastKnownFileType = folder.assetcatalog; path = Images.xcassets; sourceTree = "<group>"; };
		5A5C63841B2F360B00D5AE99 /* Base */ = {isa = PBXFileReference; lastKnownFileType = file.xib; name = Base; path = Base.lproj/LaunchScreen.xib; sourceTree = "<group>"; };
		5A5C638A1B2F360B00D5AE99 /* TableHeaderViewDemoTests.xctest */ = {isa = PBXFileReference; explicitFileType = wrapper.cfbundle; includeInIndex = 0; path = TableHeaderViewDemoTests.xctest; sourceTree = BUILT_PRODUCTS_DIR; };
		5A5C638F1B2F360B00D5AE99 /* Info.plist */ = {isa = PBXFileReference; lastKnownFileType = text.plist.xml; path = Info.plist; sourceTree = "<group>"; };
		5A5C63901B2F360B00D5AE99 /* TableHeaderViewDemoTests.swift */ = {isa = PBXFileReference; lastKnownFileType = sourcecode.swift; path = TableHeaderViewDemoTests.swift; sourceTree = "<group>"; };
/* End PBXFileReference section */

/* Begin PBXFrameworksBuildPhase section */
		5A5C63721B2F360B00D5AE99 /* Frameworks */ = {
			isa = PBXFrameworksBuildPhase;
			buildActionMask = 2147483647;
			files = (
			);
			runOnlyForDeploymentPostprocessing = 0;
		};
		5A5C63871B2F360B00D5AE99 /* Frameworks */ = {
			isa = PBXFrameworksBuildPhase;
			buildActionMask = 2147483647;
			files = (
			);
			runOnlyForDeploymentPostprocessing = 0;
		};
/* End PBXFrameworksBuildPhase section */

/* Begin PBXGroup section */
		5A5C636C1B2F360B00D5AE99 = {
			isa = PBXGroup;
			children = (
				5A5C63771B2F360B00D5AE99 /* TableHeaderViewDemo */,
				5A5C638D1B2F360B00D5AE99 /* TableHeaderViewDemoTests */,
				5A5C63761B2F360B00D5AE99 /* Products */,
			);
			sourceTree = "<group>";
		};
		5A5C63761B2F360B00D5AE99 /* Products */ = {
			isa = PBXGroup;
			children = (
				5A5C63751B2F360B00D5AE99 /* TableHeaderViewDemo.app */,
				5A5C638A1B2F360B00D5AE99 /* TableHeaderViewDemoTests.xctest */,
			);
			name = Products;
			sourceTree = "<group>";
		};
		5A5C63771B2F360B00D5AE99 /* TableHeaderViewDemo */ = {
			isa = PBXGroup;
			children = (
				5A5C637A1B2F360B00D5AE99 /* AppDelegate.swift */,
				5A5C637C1B2F360B00D5AE99 /* ViewController.swift */,
				5A5C637E1B2F360B00D5AE99 /* Main.storyboard */,
				5A5C63811B2F360B00D5AE99 /* Images.xcassets */,
				5A5C63831B2F360B00D5AE99 /* LaunchScreen.xib */,
				5A5C63781B2F360B00D5AE99 /* Supporting Files */,
			);
			path = TableHeaderViewDemo;
			sourceTree = "<group>";
		};
		5A5C63781B2F360B00D5AE99 /* Supporting Files */ = {
			isa = PBXGroup;
			children = (
				5A5C63791B2F360B00D5AE99 /* Info.plist */,
			);
			name = "Supporting Files";
			sourceTree = "<group>";
		};
		5A5C638D1B2F360B00D5AE99 /* TableHeaderViewDemoTests */ = {
			isa = PBXGroup;
			children = (
				5A5C63901B2F360B00D5AE99 /* TableHeaderViewDemoTests.swift */,
				5A5C638E1B2F360B00D5AE99 /* Supporting Files */,
			);
			path = TableHeaderViewDemoTests;
			sourceTree = "<group>";
		};
		5A5C638E1B2F360B00D5AE99 /* Supporting Files */ = {
			isa = PBXGroup;
			children = (
				5A5C638F1B2F360B00D5AE99 /* Info.plist */,
			);
			name = "Supporting Files";
			sourceTree = "<group>";
		};
/* End PBXGroup section */

/* Begin PBXNativeTarget section */
		5A5C63741B2F360B00D5AE99 /* TableHeaderViewDemo */ = {
			isa = PBXNativeTarget;
			buildConfigurationList = 5A5C63941B2F360B00D5AE99 /* Build configuration list for PBXNativeTarget "TableHeaderViewDemo" */;
			buildPhases = (
				5A5C63711B2F360B00D5AE99 /* Sources */,
				5A5C63721B2F360B00D5AE99 /* Frameworks */,
				5A5C63731B2F360B00D5AE99 /* Resources */,
			);
			buildRules = (
			);
			dependencies = (
			);
			name = TableHeaderViewDemo;
			productName = TableHeaderViewDemo;
			productReference = 5A5C63751B2F360B00D5AE99 /* TableHeaderViewDemo.app */;
			productType = "com.apple.product-type.application";
		};
		5A5C63891B2F360B00D5AE99 /* TableHeaderViewDemoTests */ = {
			isa = PBXNativeTarget;
			buildConfigurationList = 5A5C63971B2F360B00D5AE99 /* Build configuration list for PBXNativeTarget "TableHeaderViewDemoTests" */;
			buildPhases = (
				5A5C63861B2F360B00D5AE99 /* Sources */,
				5A5C63871B2F360B00D5AE99 /* Frameworks */,
				5A5C63881B2F360B00D5AE99 /* Resources */,
			);
			buildRules = (
			);
			dependencies = (
				5A5C638C1B2F360B00D5AE99 /* PBXTargetDependency */,
			);
			name = TableHeaderViewDemoTests;
			productName = TableHeaderViewDemoTests;
			productReference = 5A5C638A1B2F360B00D5AE99 /* TableHeaderViewDemoTests.xctest */;
			productType = "com.apple.product-type.bundle.unit-test";
		};
/* End PBXNativeTarget section */

/* Begin PBXProject section */
		5A5C636D1B2F360B00D5AE99 /* Project object */ = {
			isa = PBXProject;
			attributes = {
				LastUpgradeCheck = 0630;
				ORGANIZATIONNAME = "Rachel Bobbins";
				TargetAttributes = {
					5A5C63741B2F360B00D5AE99 = {
						CreatedOnToolsVersion = 6.3.2;
					};
					5A5C63891B2F360B00D5AE99 = {
						CreatedOnToolsVersion = 6.3.2;
						TestTargetID = 5A5C63741B2F360B00D5AE99;
					};
				};
			};
			buildConfigurationList = 5A5C63701B2F360B00D5AE99 /* Build configuration list for PBXProject "TableHeaderViewDemo" */;
			compatibilityVersion = "Xcode 3.2";
			developmentRegion = English;
			hasScannedForEncodings = 0;
			knownRegions = (
				en,
				Base,
			);
			mainGroup = 5A5C636C1B2F360B00D5AE99;
			productRefGroup = 5A5C63761B2F360B00D5AE99 /* Products */;
			projectDirPath = "";
			projectRoot = "";
			targets = (
				5A5C63741B2F360B00D5AE99 /* TableHeaderViewDemo */,
				5A5C63891B2F360B00D5AE99 /* TableHeaderViewDemoTests */,
			);
		};
/* End PBXProject section */

/* Begin PBXResourcesBuildPhase section */
		5A5C63731B2F360B00D5AE99 /* Resources */ = {
			isa = PBXResourcesBuildPhase;
			buildActionMask = 2147483647;
			files = (
				5A5C63801B2F360B00D5AE99 /* Main.storyboard in Resources */,
				5A5C63851B2F360B00D5AE99 /* LaunchScreen.xib in Resources */,
				5A5C63821B2F360B00D5AE99 /* Images.xcassets in Resources */,
			);
			runOnlyForDeploymentPostprocessing = 0;
		};
		5A5C63881B2F360B00D5AE99 /* Resources */ = {
			isa = PBXResourcesBuildPhase;
			buildActionMask = 2147483647;
			files = (
			);
			runOnlyForDeploymentPostprocessing = 0;
		};
/* End PBXResourcesBuildPhase section */

/* Begin PBXSourcesBuildPhase section */
		5A5C63711B2F360B00D5AE99 /* Sources */ = {
			isa = PBXSourcesBuildPhase;
			buildActionMask = 2147483647;
			files = (
				5A5C637D1B2F360B00D5AE99 /* ViewController.swift in Sources */,
				5A5C637B1B2F360B00D5AE99 /* AppDelegate.swift in Sources */,
			);
			runOnlyForDeploymentPostprocessing = 0;
		};
		5A5C63861B2F360B00D5AE99 /* Sources */ = {
			isa = PBXSourcesBuildPhase;
			buildActionMask = 2147483647;
			files = (
				5A5C63911B2F360B00D5AE99 /* TableHeaderViewDemoTests.swift in Sources */,
			);
			runOnlyForDeploymentPostprocessing = 0;
		};
/* End PBXSourcesBuildPhase section */

/* Begin PBXTargetDependency section */
		5A5C638C1B2F360B00D5AE99 /* PBXTargetDependency */ = {
			isa = PBXTargetDependency;
			target = 5A5C63741B2F360B00D5AE99 /* TableHeaderViewDemo */;
			targetProxy = 5A5C638B1B2F360B00D5AE99 /* PBXContainerItemProxy */;
		};
/* End PBXTargetDependency section */

/* Begin PBXVariantGroup section */
		5A5C637E1B2F360B00D5AE99 /* Main.storyboard */ = {
			isa = PBXVariantGroup;
			children = (
				5A5C637F1B2F360B00D5AE99 /* Base */,
			);
			name = Main.storyboard;
			sourceTree = "<group>";
		};
		5A5C63831B2F360B00D5AE99 /* LaunchScreen.xib */ = {
			isa = PBXVariantGroup;
			children = (
				5A5C63841B2F360B00D5AE99 /* Base */,
			);
			name = LaunchScreen.xib;
			sourceTree = "<group>";
		};
/* End PBXVariantGroup section */

/* Begin XCBuildConfiguration section */
		5A5C63921B2F360B00D5AE99 /* Debug */ = {
			isa = XCBuildConfiguration;
			buildSettings = {
				ALWAYS_SEARCH_USER_PATHS = NO;
				CLANG_CXX_LANGUAGE_STANDARD = "gnu++0x";
				CLANG_CXX_LIBRARY = "libc++";
				CLANG_ENABLE_MODULES = YES;
				CLANG_ENABLE_OBJC_ARC = YES;
				CLANG_WARN_BOOL_CONVERSION = YES;
				CLANG_WARN_CONSTANT_CONVERSION = YES;
				CLANG_WARN_DIRECT_OBJC_ISA_USAGE = YES_ERROR;
				CLANG_WARN_EMPTY_BODY = YES;
				CLANG_WARN_ENUM_CONVERSION = YES;
				CLANG_WARN_INT_CONVERSION = YES;
				CLANG_WARN_OBJC_ROOT_CLASS = YES_ERROR;
				CLANG_WARN_UNREACHABLE_CODE = YES;
				CLANG_WARN__DUPLICATE_METHOD_MATCH = YES;
				"CODE_SIGN_IDENTITY[sdk=iphoneos*]" = "iPhone Developer";
				COPY_PHASE_STRIP = NO;
				DEBUG_INFORMATION_FORMAT = "dwarf-with-dsym";
				ENABLE_STRICT_OBJC_MSGSEND = YES;
				GCC_C_LANGUAGE_STANDARD = gnu99;
				GCC_DYNAMIC_NO_PIC = NO;
				GCC_NO_COMMON_BLOCKS = YES;
				GCC_OPTIMIZATION_LEVEL = 0;
				GCC_PREPROCESSOR_DEFINITIONS = (
					"DEBUG=1",
					"$(inherited)",
				);
				GCC_SYMBOLS_PRIVATE_EXTERN = NO;
				GCC_WARN_64_TO_32_BIT_CONVERSION = YES;
				GCC_WARN_ABOUT_RETURN_TYPE = YES_ERROR;
				GCC_WARN_UNDECLARED_SELECTOR = YES;
				GCC_WARN_UNINITIALIZED_AUTOS = YES_AGGRESSIVE;
				GCC_WARN_UNUSED_FUNCTION = YES;
				GCC_WARN_UNUSED_VARIABLE = YES;
				IPHONEOS_DEPLOYMENT_TARGET = 8.3;
				MTL_ENABLE_DEBUG_INFO = YES;
				ONLY_ACTIVE_ARCH = YES;
				SDKROOT = iphoneos;
				SWIFT_OPTIMIZATION_LEVEL = "-Onone";
				TARGETED_DEVICE_FAMILY = "1,2";
			};
			name = Debug;
		};
		5A5C63931B2F360B00D5AE99 /* Release */ = {
			isa = XCBuildConfiguration;
			buildSettings = {
				ALWAYS_SEARCH_USER_PATHS = NO;
				CLANG_CXX_LANGUAGE_STANDARD = "gnu++0x";
				CLANG_CXX_LIBRARY = "libc++";
				CLANG_ENABLE_MODULES = YES;
				CLANG_ENABLE_OBJC_ARC = YES;
				CLANG_WARN_BOOL_CONVERSION = YES;
				CLANG_WARN_CONSTANT_CONVERSION = YES;
				CLANG_WARN_DIRECT_OBJC_ISA_USAGE = YES_ERROR;
				CLANG_WARN_EMPTY_BODY = YES;
				CLANG_WARN_ENUM_CONVERSION = YES;
				CLANG_WARN_INT_CONVERSION = YES;
				CLANG_WARN_OBJC_ROOT_CLASS = YES_ERROR;
				CLANG_WARN_UNREACHABLE_CODE = YES;
				CLANG_WARN__DUPLICATE_METHOD_MATCH = YES;
				"CODE_SIGN_IDENTITY[sdk=iphoneos*]" = "iPhone Developer";
				COPY_PHASE_STRIP = NO;
				DEBUG_INFORMATION_FORMAT = "dwarf-with-dsym";
				ENABLE_NS_ASSERTIONS = NO;
				ENABLE_STRICT_OBJC_MSGSEND = YES;
				GCC_C_LANGUAGE_STANDARD = gnu99;
				GCC_NO_COMMON_BLOCKS = YES;
				GCC_WARN_64_TO_32_BIT_CONVERSION = YES;
				GCC_WARN_ABOUT_RETURN_TYPE = YES_ERROR;
				GCC_WARN_UNDECLARED_SELECTOR = YES;
				GCC_WARN_UNINITIALIZED_AUTOS = YES_AGGRESSIVE;
				GCC_WARN_UNUSED_FUNCTION = YES;
				GCC_WARN_UNUSED_VARIABLE = YES;
				IPHONEOS_DEPLOYMENT_TARGET = 8.3;
				MTL_ENABLE_DEBUG_INFO = NO;
				SDKROOT = iphoneos;
				TARGETED_DEVICE_FAMILY = "1,2";
				VALIDATE_PRODUCT = YES;
			};
			name = Release;
		};
		5A5C63951B2F360B00D5AE99 /* Debug */ = {
			isa = XCBuildConfiguration;
			buildSettings = {
				ASSETCATALOG_COMPILER_APPICON_NAME = AppIcon;
				INFOPLIST_FILE = TableHeaderViewDemo/Info.plist;
				LD_RUNPATH_SEARCH_PATHS = "$(inherited) @executable_path/Frameworks";
				PRODUCT_NAME = "$(TARGET_NAME)";
			};
			name = Debug;
		};
		5A5C63961B2F360B00D5AE99 /* Release */ = {
			isa = XCBuildConfiguration;
			buildSettings = {
				ASSETCATALOG_COMPILER_APPICON_NAME = AppIcon;
				INFOPLIST_FILE = TableHeaderViewDemo/Info.plist;
				LD_RUNPATH_SEARCH_PATHS = "$(inherited) @executable_path/Frameworks";
				PRODUCT_NAME = "$(TARGET_NAME)";
			};
			name = Release;
		};
		5A5C63981B2F360B00D5AE99 /* Debug */ = {
			isa = XCBuildConfiguration;
			buildSettings = {
				BUNDLE_LOADER = "$(TEST_HOST)";
				FRAMEWORK_SEARCH_PATHS = (
					"$(SDKROOT)/Developer/Library/Frameworks",
					"$(inherited)",
				);
				GCC_PREPROCESSOR_DEFINITIONS = (
					"DEBUG=1",
					"$(inherited)",
				);
				INFOPLIST_FILE = TableHeaderViewDemoTests/Info.plist;
				LD_RUNPATH_SEARCH_PATHS = "$(inherited) @executable_path/Frameworks @loader_path/Frameworks";
				PRODUCT_NAME = "$(TARGET_NAME)";
				TEST_HOST = "$(BUILT_PRODUCTS_DIR)/TableHeaderViewDemo.app/TableHeaderViewDemo";
			};
			name = Debug;
		};
		5A5C63991B2F360B00D5AE99 /* Release */ = {
			isa = XCBuildConfiguration;
			buildSettings = {
				BUNDLE_LOADER = "$(TEST_HOST)";
				FRAMEWORK_SEARCH_PATHS = (
					"$(SDKROOT)/Developer/Library/Frameworks",
					"$(inherited)",
				);
				INFOPLIST_FILE = TableHeaderViewDemoTests/Info.plist;
				LD_RUNPATH_SEARCH_PATHS = "$(inherited) @executable_path/Frameworks @loader_path/Frameworks";
				PRODUCT_NAME = "$(TARGET_NAME)";
				TEST_HOST = "$(BUILT_PRODUCTS_DIR)/TableHeaderViewDemo.app/TableHeaderViewDemo";
			};
			name = Release;
		};
/* End XCBuildConfiguration section */

/* Begin XCConfigurationList section */
		5A5C63701B2F360B00D5AE99 /* Build configuration list for PBXProject "TableHeaderViewDemo" */ = {
			isa = XCConfigurationList;
			buildConfigurations = (
				5A5C63921B2F360B00D5AE99 /* Debug */,
				5A5C63931B2F360B00D5AE99 /* Release */,
			);
			defaultConfigurationIsVisible = 0;
			defaultConfigurationName = Release;
		};
		5A5C63941B2F360B00D5AE99 /* Build configuration list for PBXNativeTarget "TableHeaderViewDemo" */ = {
			isa = XCConfigurationList;
			buildConfigurations = (
				5A5C63951B2F360B00D5AE99 /* Debug */,
				5A5C63961B2F360B00D5AE99 /* Release */,
			);
			defaultConfigurationIsVisible = 0;
		};
		5A5C63971B2F360B00D5AE99 /* Build configuration list for PBXNativeTarget "TableHeaderViewDemoTests" */ = {
			isa = XCConfigurationList;
			buildConfigurations = (
				5A5C63981B2F360B00D5AE99 /* Debug */,
				5A5C63991B2F360B00D5AE99 /* Release */,
			);
			defaultConfigurationIsVisible = 0;
		};
/* End XCConfigurationList section */
	};
	rootObject = 5A5C636D1B2F360B00D5AE99 /* Project object */;
}
